version = 1
requires-python = ">=3.9"

[[package]]
name = "anyio"
version = "4.10.0"
source = { registry = "https://pypi.org/simple" }
dependencies = [
    { name = "exceptiongroup", marker = "python_full_version < '3.11'" },
    { name = "idna" },
    { name = "sniffio" },
    { name = "typing-extensions", marker = "python_full_version < '3.13'" },
]
sdist = { url = "https://files.pythonhosted.org/packages/f1/b4/636b3b65173d3ce9a38ef5f0522789614e590dab6a8d505340a4efe4c567/anyio-4.10.0.tar.gz", hash = "sha256:3f3fae35c96039744587aa5b8371e7e8e603c0702999535961dd336026973ba6", size = 213252 }
wheels = [
    { url = "https://files.pythonhosted.org/packages/6f/12/e5e0282d673bb9746bacfb6e2dba8719989d3660cdb2ea79aee9a9651afb/anyio-4.10.0-py3-none-any.whl", hash = "sha256:60e474ac86736bbfd6f210f7a61218939c318f43f9972497381f1c5e930ed3d1", size = 107213 },
]

[[package]]
name = "attrs"
version = "25.3.0"
source = { registry = "https://pypi.org/simple" }
sdist = { url = "https://files.pythonhosted.org/packages/5a/b0/1367933a8532ee6ff8d63537de4f1177af4bff9f3e829baf7331f595bb24/attrs-25.3.0.tar.gz", hash = "sha256:75d7cefc7fb576747b2c81b4442d4d4a1ce0900973527c011d1030fd3bf4af1b", size = 812032 }
wheels = [
    { url = "https://files.pythonhosted.org/packages/77/06/bb80f5f86020c4551da315d78b3ab75e8228f89f0162f2c3a819e407941a/attrs-25.3.0-py3-none-any.whl", hash = "sha256:427318ce031701fea540783410126f03899a97ffc6f61596ad581ac2e40e3bc3", size = 63815 },
]

[[package]]
name = "certifi"
version = "2025.8.3"
source = { registry = "https://pypi.org/simple" }
sdist = { url = "https://files.pythonhosted.org/packages/dc/67/960ebe6bf230a96cda2e0abcf73af550ec4f090005363542f0765df162e0/certifi-2025.8.3.tar.gz", hash = "sha256:e564105f78ded564e3ae7c923924435e1daa7463faeab5bb932bc53ffae63407", size = 162386 }
wheels = [
    { url = "https://files.pythonhosted.org/packages/e5/48/1549795ba7742c948d2ad169c1c8cdbae65bc450d6cd753d124b17c8cd32/certifi-2025.8.3-py3-none-any.whl", hash = "sha256:f6c12493cfb1b06ba2ff328595af9350c65d6644968e5d3a2ffd78699af217a5", size = 161216 },
]

[[package]]
name = "e2b"
version = "2.0.0"
source = { registry = "https://pypi.org/simple" }
dependencies = [
    { name = "attrs" },
    { name = "httpcore" },
    { name = "httpx" },
    { name = "packaging" },
    { name = "protobuf" },
    { name = "python-dateutil" },
    { name = "typing-extensions" },
]
sdist = { url = "https://files.pythonhosted.org/packages/ca/61/4cacf82b1d00f888678fdcfff23a8c3a09aed25b2993eea7af472e20dda5/e2b-2.0.0.tar.gz", hash = "sha256:4d033d937b0a09b8428e73233321a913cbaef8e7299fc731579c656e9d53a144", size = 66401 }
wheels = [
    { url = "https://files.pythonhosted.org/packages/92/76/ddf676a327006b9c3bdec1a10b99aad4f10af8b2cbc3358ebb156951914e/e2b-2.0.0-py3-none-any.whl", hash = "sha256:a6621b905cb2a883a9c520736ae98343a6184fc90c29b4f2f079d720294a0df0", size = 123785 },
]

[[package]]
name = "e2b-code-interpreter"
version = "2.0.0"
source = { registry = "https://pypi.org/simple" }
dependencies = [
    { name = "attrs" },
    { name = "e2b" },
    { name = "httpx" },
]
sdist = { url = "https://files.pythonhosted.org/packages/42/84/e94cb706d88ac3510748be9d0030fb0a896a25b43677903aff20213b3cc1/e2b_code_interpreter-2.0.0.tar.gz", hash = "sha256:19136916be8de60bfd0a678742501d1d0335442bb6e86405c7dd6f98059b73c4", size = 10029 }
wheels = [
    { url = "https://files.pythonhosted.org/packages/5e/f1/135acbaffe4b2e63addecfc2a6c2ecf9ea3e5394aa2a9a829e3eb6f2098d/e2b_code_interpreter-2.0.0-py3-none-any.whl", hash = "sha256:273642d4dd78f09327fb1553fe4f7ddcf17892b78f98236e038d29985e42dca5", size = 12939 },
]

[[package]]
name = "e2b-example"
version = "0.1.0"
source = { virtual = "." }
dependencies = [
    { name = "e2b" },
    { name = "e2b-code-interpreter" },
    { name = "pip" },
]

[package.metadata]
requires-dist = [
    { name = "e2b", specifier = ">=2.0.0" },
    { name = "e2b-code-interpreter", specifier = ">=2.0.0" },
    { name = "pip", specifier = ">=25.2" },
]

[[package]]
name = "exceptiongroup"
version = "1.3.0"
source = { registry = "https://pypi.org/simple" }
dependencies = [
    { name = "typing-extensions", marker = "python_full_version < '3.13'" },
]
sdist = { url = "https://files.pythonhosted.org/packages/0b/9f/a65090624ecf468cdca03533906e7c69ed7588582240cfe7cc9e770b50eb/exceptiongroup-1.3.0.tar.gz", hash = "sha256:b241f5885f560bc56a59ee63ca4c6a8bfa46ae4ad651af316d4e81817bb9fd88", size = 29749 }
wheels = [
    { url = "https://files.pythonhosted.org/packages/36/f4/c6e662dade71f56cd2f3735141b265c3c79293c109549c1e6933b0651ffc/exceptiongroup-1.3.0-py3-none-any.whl", hash = "sha256:4d111e6e0c13d0644cad6ddaa7ed0261a0b36971f6d23e7ec9b4b9097da78a10", size = 16674 },
]

[[package]]
name = "h11"
version = "0.16.0"
source = { registry = "https://pypi.org/simple" }
sdist = { url = "https://files.pythonhosted.org/packages/01/ee/02a2c011bdab74c6fb3c75474d40b3052059d95df7e73351460c8588d963/h11-0.16.0.tar.gz", hash = "sha256:4e35b956cf45792e4caa5885e69fba00bdbc6ffafbfa020300e549b208ee5ff1", size = 101250 }
wheels = [
    { url = "https://files.pythonhosted.org/packages/04/4b/29cac41a4d98d144bf5f6d33995617b185d14b22401f75ca86f384e87ff1/h11-0.16.0-py3-none-any.whl", hash = "sha256:63cf8bbe7522de3bf65932fda1d9c2772064ffb3dae62d55932da54b31cb6c86", size = 37515 },
]

[[package]]
name = "httpcore"
version = "1.0.9"
source = { registry = "https://pypi.org/simple" }
dependencies = [
    { name = "certifi" },
    { name = "h11" },
]
sdist = { url = "https://files.pythonhosted.org/packages/06/94/82699a10bca87a5556c9c59b5963f2d039dbd239f25bc2a63907a05a14cb/httpcore-1.0.9.tar.gz", hash = "sha256:6e34463af53fd2ab5d807f399a9b45ea31c3dfa2276f15a2c3f00afff6e176e8", size = 85484 }
wheels = [
    { url = "https://files.pythonhosted.org/packages/7e/f5/f66802a942d491edb555dd61e3a9961140fd64c90bce1eafd741609d334d/httpcore-1.0.9-py3-none-any.whl", hash = "sha256:2d400746a40668fc9dec9810239072b40b4484b640a8c38fd654a024c7a1bf55", size = 78784 },
]

[[package]]
name = "httpx"
version = "0.28.1"
source = { registry = "https://pypi.org/simple" }
dependencies = [
    { name = "anyio" },
    { name = "certifi" },
    { name = "httpcore" },
    { name = "idna" },
]
sdist = { url = "https://files.pythonhosted.org/packages/b1/df/48c586a5fe32a0f01324ee087459e112ebb7224f646c0b5023f5e79e9956/httpx-0.28.1.tar.gz", hash = "sha256:75e98c5f16b0f35b567856f597f06ff2270a374470a5c2392242528e3e3e42fc", size = 141406 }
wheels = [
    { url = "https://files.pythonhosted.org/packages/2a/39/e50c7c3a983047577ee07d2a9e53faf5a69493943ec3f6a384bdc792deb2/httpx-0.28.1-py3-none-any.whl", hash = "sha256:d909fcccc110f8c7faf814ca82a9a4d816bc5a6dbfea25d6591d6985b8ba59ad", size = 73517 },
]

[[package]]
name = "idna"
version = "3.10"
source = { registry = "https://pypi.org/simple" }
sdist = { url = "https://files.pythonhosted.org/packages/f1/70/7703c29685631f5a7590aa73f1f1d3fa9a380e654b86af429e0934a32f7d/idna-3.10.tar.gz", hash = "sha256:12f65c9b470abda6dc35cf8e63cc574b1c52b11df2c86030af0ac09b01b13ea9", size = 190490 }
wheels = [
    { url = "https://files.pythonhosted.org/packages/76/c6/c88e154df9c4e1a2a66ccf0005a88dfb2650c1dffb6f5ce603dfbd452ce3/idna-3.10-py3-none-any.whl", hash = "sha256:946d195a0d259cbba61165e88e65941f16e9b36ea6ddb97f00452bae8b1287d3", size = 70442 },
]

[[package]]
name = "packaging"
version = "25.0"
source = { registry = "https://pypi.org/simple" }
sdist = { url = "https://files.pythonhosted.org/packages/a1/d4/1fc4078c65507b51b96ca8f8c3ba19e6a61c8253c72794544580a7b6c24d/packaging-25.0.tar.gz", hash = "sha256:d443872c98d677bf60f6a1f2f8c1cb748e8fe762d2bf9d3148b5599295b0fc4f", size = 165727 }
wheels = [
    { url = "https://files.pythonhosted.org/packages/20/12/38679034af332785aac8774540895e234f4d07f7545804097de4b666afd8/packaging-25.0-py3-none-any.whl", hash = "sha256:29572ef2b1f17581046b3a2227d5c611fb25ec70ca1ba8554b24b0e69331a484", size = 66469 },
]

[[package]]
name = "pip"
version = "25.2"
source = { registry = "https://pypi.org/simple" }
sdist = { url = "https://files.pythonhosted.org/packages/20/16/650289cd3f43d5a2fadfd98c68bd1e1e7f2550a1a5326768cddfbcedb2c5/pip-25.2.tar.gz", hash = "sha256:578283f006390f85bb6282dffb876454593d637f5d1be494b5202ce4877e71f2", size = 1840021 }
wheels = [
    { url = "https://files.pythonhosted.org/packages/b7/3f/945ef7ab14dc4f9d7f40288d2df998d1837ee0888ec3659c813487572faa/pip-25.2-py3-none-any.whl", hash = "sha256:6d67a2b4e7f14d8b31b8b52648866fa717f45a1eb70e83002f4331d07e953717", size = 1752557 },
]

[[package]]
name = "protobuf"
version = "6.32.0"
source = { registry = "https://pypi.org/simple" }
sdist = { url = "https://files.pythonhosted.org/packages/c0/df/fb4a8eeea482eca989b51cffd274aac2ee24e825f0bf3cbce5281fa1567b/protobuf-6.32.0.tar.gz", hash = "sha256:a81439049127067fc49ec1d36e25c6ee1d1a2b7be930675f919258d03c04e7d2", size = 440614 }
wheels = [
    { url = "https://files.pythonhosted.org/packages/33/18/df8c87da2e47f4f1dcc5153a81cd6bca4e429803f4069a299e236e4dd510/protobuf-6.32.0-cp310-abi3-win32.whl", hash = "sha256:84f9e3c1ff6fb0308dbacb0950d8aa90694b0d0ee68e75719cb044b7078fe741", size = 424409 },
    { url = "https://files.pythonhosted.org/packages/e1/59/0a820b7310f8139bd8d5a9388e6a38e1786d179d6f33998448609296c229/protobuf-6.32.0-cp310-abi3-win_amd64.whl", hash = "sha256:a8bdbb2f009cfc22a36d031f22a625a38b615b5e19e558a7b756b3279723e68e", size = 435735 },
    { url = "https://files.pythonhosted.org/packages/cc/5b/0d421533c59c789e9c9894683efac582c06246bf24bb26b753b149bd88e4/protobuf-6.32.0-cp39-abi3-macosx_10_9_universal2.whl", hash = "sha256:d52691e5bee6c860fff9a1c86ad26a13afbeb4b168cd4445c922b7e2cf85aaf0", size = 426449 },
    { url = "https://files.pythonhosted.org/packages/ec/7b/607764ebe6c7a23dcee06e054fd1de3d5841b7648a90fd6def9a3bb58c5e/protobuf-6.32.0-cp39-abi3-manylinux2014_aarch64.whl", hash = "sha256:501fe6372fd1c8ea2a30b4d9be8f87955a64d6be9c88a973996cef5ef6f0abf1", size = 322869 },
    { url = "https://files.pythonhosted.org/packages/40/01/2e730bd1c25392fc32e3268e02446f0d77cb51a2c3a8486b1798e34d5805/protobuf-6.32.0-cp39-abi3-manylinux2014_x86_64.whl", hash = "sha256:75a2aab2bd1aeb1f5dc7c5f33bcb11d82ea8c055c9becbb41c26a8c43fd7092c", size = 322009 },
    { url = "https://files.pythonhosted.org/packages/84/9c/244509764dc78d69e4a72bfe81b00f2691bdfcaffdb591a3e158695096d7/protobuf-6.32.0-cp39-cp39-win32.whl", hash = "sha256:7db8ed09024f115ac877a1427557b838705359f047b2ff2f2b2364892d19dacb", size = 424503 },
    { url = "https://files.pythonhosted.org/packages/9b/6f/b1d90a22f619808cf6337aede0d6730af1849330f8dc4d434cfc4a8831b4/protobuf-6.32.0-cp39-cp39-win_amd64.whl", hash = "sha256:15eba1b86f193a407607112ceb9ea0ba9569aed24f93333fe9a497cf2fda37d3", size = 435822 },
    { url = "https://files.pythonhosted.org/packages/9c/f2/80ffc4677aac1bc3519b26bc7f7f5de7fce0ee2f7e36e59e27d8beb32dd1/protobuf-6.32.0-py3-none-any.whl", hash = "sha256:ba377e5b67b908c8f3072a57b63e2c6a4cbd18aea4ed98d2584350dbf46f2783", size = 169287 },
]

[[package]]
name = "python-dateutil"
version = "2.9.0.post0"
source = { registry = "https://pypi.org/simple" }
dependencies = [
    { name = "six" },
]
sdist = { url = "https://files.pythonhosted.org/packages/66/c0/0c8b6ad9f17a802ee498c46e004a0eb49bc148f2fd230864601a86dcf6db/python-dateutil-2.9.0.post0.tar.gz", hash = "sha256:37dd54208da7e1cd875388217d5e00ebd4179249f90fb72437e91a35459a0ad3", size = 342432 }
wheels = [
    { url = "https://files.pythonhosted.org/packages/ec/57/56b9bcc3c9c6a792fcbaf139543cee77261f3651ca9da0c93f5c1221264b/python_dateutil-2.9.0.post0-py2.py3-none-any.whl", hash = "sha256:a8b2bc7bffae282281c8140a97d3aa9c14da0b136dfe83f850eea9a5f7470427", size = 229892 },
]

[[package]]
name = "six"
version = "1.17.0"
source = { registry = "https://pypi.org/simple" }
sdist = { url = "https://files.pythonhosted.org/packages/94/e7/b2c673351809dca68a0e064b6af791aa332cf192da575fd474ed7d6f16a2/six-1.17.0.tar.gz", hash = "sha256:ff70335d468e7eb6ec65b95b99d3a2836546063f63acc5171de367e834932a81", size = 34031 }
wheels = [
    { url = "https://files.pythonhosted.org/packages/b7/ce/149a00dd41f10bc29e5921b496af8b574d8413afcd5e30dfa0ed46c2cc5e/six-1.17.0-py2.py3-none-any.whl", hash = "sha256:4721f391ed90541fddacab5acf947aa0d3dc7d27b2e1e8eda2be8970586c3274", size = 11050 },
]

[[package]]
name = "sniffio"
version = "1.3.1"
source = { registry = "https://pypi.org/simple" }
sdist = { url = "https://files.pythonhosted.org/packages/a2/87/a6771e1546d97e7e041b6ae58d80074f81b7d5121207425c964ddf5cfdbd/sniffio-1.3.1.tar.gz", hash = "sha256:f4324edc670a0f49750a81b895f35c3adb843cca46f0530f79fc1babb23789dc", size = 20372 }
wheels = [
    { url = "https://files.pythonhosted.org/packages/e9/44/75a9c9421471a6c4805dbf2356f7c181a29c1879239abab1ea2cc8f38b40/sniffio-1.3.1-py3-none-any.whl", hash = "sha256:2f6da418d1f1e0fddd844478f41680e794e6051915791a034ff65e5f100525a2", size = 10235 },
]

[[package]]
name = "typing-extensions"
version = "4.15.0"
source = { registry = "https://pypi.org/simple" }
sdist = { url = "https://files.pythonhosted.org/packages/72/94/1a15dd82efb362ac84269196e94cf00f187f7ed21c242792a923cdb1c61f/typing_extensions-4.15.0.tar.gz", hash = "sha256:0cea48d173cc12fa28ecabc3b837ea3cf6f38c6d1136f85cbaaf598984861466", size = 109391 }
wheels = [
    { url = "https://files.pythonhosted.org/packages/18/67/36e9267722cc04a6b9f15c7f3441c2363321a3ea07da7ae0c0707beb2a9c/typing_extensions-4.15.0-py3-none-any.whl", hash = "sha256:f0fa19c6845758ab08074a0cfa8b7aecb71c999ca73d62883bc25cc018c4e548", size = 44614 },
]
